{
  "nodes": {
    "nixpkgs": {
      "locked": {
        "lastModified": 1629618782,
        "narHash": "sha256-2K8SSXu3alo/URI3MClGdDSns6Gb4ZaW4LET53UWyKk=",
        "owner": "nixos",
        "repo": "nixpkgs",
        "rev": "870959c7fb3a42af1863bed9e1756086a74eb649",
        "type": "github"
      },
      "original": {
        "owner": "nixos",
        "ref": "nixos-unstable",
        "repo": "nixpkgs",
        "type": "github"
      }
    },
    "root": {
      "inputs": {
        "nixpkgs": "nixpkgs",
        "ymdl": "ymdl"
      }
    },
    "ymdl": {
      "flake": false,
      "locked": {
        "lastModified": 1629896053,
        "narHash": "sha256-/XVx6h+dpvP02HHswbZA9jbDMCDWeTnpdxr8NUaNdeU=",
        "owner": "figsoda",
        "repo": "ymdl",
        "rev": "aeab7eac1f30b305a019354a21bb82eb94bbf5c1",
        "type": "github"
      },
      "original": {
        "owner": "figsoda",
        "repo": "ymdl",
        "type": "github"
      }
    }
  },
  "root": "root",
  "version": 7
}
