{
  "nodes": {
    "nixpkgs": {
      "locked": {
        "lastModified": 1671271357,
        "narHash": "sha256-xRJdLbWK4v2SewmSStYrcLa0YGJpleufl44A19XSW8k=",
        "owner": "nixos",
        "repo": "nixpkgs",
        "rev": "40f79f003b6377bd2f4ed4027dde1f8f922995dd",
        "type": "github"
      },
      "original": {
        "owner": "nixos",
        "ref": "nixos-unstable",
        "repo": "nixpkgs",
        "type": "github"
      }
    },
    "root": {
      "inputs": {
        "nixpkgs": "nixpkgs",
        "rust-templates": "rust-templates",
        "ymdl": "ymdl"
      }
    },
    "rust-templates": {
      "flake": false,
      "locked": {
        "lastModified": 1666719465,
        "narHash": "sha256-RkI+oyyJXpovx7VR+jIGo1hsWF5huAcXye88SYk0OUk=",
        "owner": "figsoda",
        "repo": "rust-templates",
        "rev": "b96cde905a714dd11b2d610ea71379c516f0903e",
        "type": "github"
      },
      "original": {
        "owner": "figsoda",
        "repo": "rust-templates",
        "type": "github"
      }
    },
    "ymdl": {
      "flake": false,
      "locked": {
        "lastModified": 1631585381,
        "narHash": "sha256-7XVq+xsPx51LtTeF1yHm8+GO3H8LCzSiwzmbEhyJ81w=",
        "owner": "figsoda",
        "repo": "ymdl",
        "rev": "7c587526ab07e791e4aa9bae51e87af861eeaf10",
        "type": "github"
      },
      "original": {
        "owner": "figsoda",
        "repo": "ymdl",
        "type": "github"
      }
    }
  },
  "root": "root",
  "version": 7
}
