{
  "nodes": {
    "flake-utils": {
      "locked": {
        "lastModified": 1623875721,
        "narHash": "sha256-A8BU7bjS5GirpAUv4QA+QnJ4CceLHkcXdRp4xITDB0s=",
        "owner": "numtide",
        "repo": "flake-utils",
        "rev": "f7e004a55b120c02ecb6219596820fcd32ca8772",
        "type": "github"
      },
      "original": {
        "owner": "numtide",
        "repo": "flake-utils",
        "type": "github"
      }
    },
    "nixpkgs": {
      "locked": {
        "lastModified": 1627391865,
        "narHash": "sha256-tPoWBO9Nzu3wuX37WcnctzL6LoDCErJLnfLGqqmXCm4=",
        "owner": "nixos",
        "repo": "nixpkgs",
        "rev": "8ecc61c91a596df7d3293603a9c2384190c1b89a",
        "type": "github"
      },
      "original": {
        "owner": "nixos",
        "ref": "nixos-unstable",
        "repo": "nixpkgs",
        "type": "github"
      }
    },
    "root": {
      "inputs": {
        "flake-utils": "flake-utils",
        "nixpkgs": "nixpkgs",
        "ymdl": "ymdl"
      }
    },
    "ymdl": {
      "flake": false,
      "locked": {
        "lastModified": 1615149942,
        "narHash": "sha256-j8wNlhQzbG0q2wJnlufPknAkWZSCeYijtmavCXjRDhM=",
        "owner": "figsoda",
        "repo": "ymdl",
        "rev": "785719f06f4067ea32fe3cffa2be451df0479ed9",
        "type": "github"
      },
      "original": {
        "owner": "figsoda",
        "repo": "ymdl",
        "type": "github"
      }
    }
  },
  "root": "root",
  "version": 7
}
